
Microsoft Visual Studio Solution File, Format Version 12.00
# Visual Studio Version 18
VisualStudioVersion = 18.0.11222.15 d18.0
MinimumVisualStudioVersion = 10.0.40219.1
Project("{9A19103F-16F7-4668-BE54-9A1E7A4F7556}") = "Core", "src\Core\Core.csproj", "{E24CFB13-F468-4B1D-BC4D-245CD4BD1A23}"
EndProject
Project("{9A19103F-16F7-4668-BE54-9A1E7A4F7556}") = "Desktop-WPF", "src\GUI\Desktop-WPF\Desktop-WPF.csproj", "{14BD698D-2A4F-44BB-A41E-6E36D80A8459}"
EndProject
Project("{2150E333-8FDC-42A3-9474-1A3956D46DE8}") = "Config", "Config", "{943120CC-2315-475E-9597-7136811228E6}"
	ProjectSection(SolutionItems) = preProject
		.editorconfig = .editorconfig
		src\Directory.build.props = src\Directory.build.props
		src\Directory.Packages.props = src\Directory.Packages.props
	EndProjectSection
EndProject
Project("{9A19103F-16F7-4668-BE54-9A1E7A4F7556}") = "Toolbox", "src\Toolbox\Toolbox.csproj", "{2F2EF4FE-7254-425A-8DE9-47457CC057C6}"
EndProject
Project("{2150E333-8FDC-42A3-9474-1A3956D46DE8}") = "External", "External", "{97DFC101-8AFC-4AED-ADDC-39E5FEC4D415}"
EndProject
Project("{9A19103F-16F7-4668-BE54-9A1E7A4F7556}") = "NexusModsNET", "External\NexusModsNET\NexusModsNET\NexusModsNET.csproj", "{1C53A73F-8A5F-4B55-8065-BA05728FA4D9}"
EndProject
Project("{9A19103F-16F7-4668-BE54-9A1E7A4F7556}") = "Tests", "src\Tests\Tests.csproj", "{F6423DF6-678E-45A4-AB8C-B60B9EFF1CD7}"
EndProject
Project("{2150E333-8FDC-42A3-9474-1A3956D46DE8}") = "Main", "Main", "{84149593-A52D-4981-94AD-B3150F153735}"
EndProject
Project("{2150E333-8FDC-42A3-9474-1A3956D46DE8}") = "Misc", "Misc", "{9EA7F551-AFBF-4BB0-A060-7204B4944537}"
EndProject
Project("{9A19103F-16F7-4668-BE54-9A1E7A4F7556}") = "LSLib", "External\lslib\LSLib\LSLib.csproj", "{D7667883-8325-40A3-83AA-6023C0168EF6}"
EndProject
Project("{8BC9CEB8-8B4A-11D0-8D11-00A0C91BC942}") = "LSLibNative", "External\lslib\LSLibNative\LSLibNative.vcxproj", "{D8B26B12-E45C-47EA-88F7-56628EB2CCD1}"
EndProject
Project("{9A19103F-16F7-4668-BE54-9A1E7A4F7556}") = "Services", "src\Services\Services.csproj", "{E48B34B8-B601-41D6-8915-AF985A10CC1C}"
EndProject
Project("{2150E333-8FDC-42A3-9474-1A3956D46DE8}") = "GUI", "GUI", "{55CF70E6-703F-42DB-BEC3-CBD2491A4AA3}"
	ProjectSection(SolutionItems) = preProject
		src\GUI\Directory.build.props = src\GUI\Directory.build.props
	EndProjectSection
EndProject
Project("{9A19103F-16F7-4668-BE54-9A1E7A4F7556}") = "Desktop-Avalonia", "src\GUI\Desktop-Avalonia\Desktop-Avalonia.csproj", "{E8788980-054D-4BCC-9DFC-45E9112D8C51}"
EndProject
Project("{9A19103F-16F7-4668-BE54-9A1E7A4F7556}") = "ModManager", "src\GUI\ModManager\ModManager.csproj", "{DC87C7F9-463F-4537-B1E6-B7EC54A56216}"
EndProject
Project("{9A19103F-16F7-4668-BE54-9A1E7A4F7556}") = "SourceGenerator", "src\SourceGenerator\SourceGenerator.csproj", "{6C505D9F-8AED-47DF-8552-FF7D0BCB6340}"
EndProject
Project("{9A19103F-16F7-4668-BE54-9A1E7A4F7556}") = "SukiUI", "External\SukiUI\SukiUI\SukiUI.csproj", "{3017DDB5-B6C8-43D9-B629-DF6283082AC5}"
EndProject
Project("{9A19103F-16F7-4668-BE54-9A1E7A4F7556}") = "Modio", "External\modio.net\Modio\Modio.csproj", "{4E6F2A76-AB4E-43C5-B736-D551D2D1AE5E}"
EndProject
Project("{9A19103F-16F7-4668-BE54-9A1E7A4F7556}") = "Avalonia.Controls.TreeDataGrid", "External\Avalonia.Controls.TreeDataGrid\src\Avalonia.Controls.TreeDataGrid\Avalonia.Controls.TreeDataGrid.csproj", "{8F3B0375-CE04-4441-BEDC-005A3467DB48}"
EndProject
Project("{2150E333-8FDC-42A3-9474-1A3956D46DE8}") = "lslib", "lslib", "{AECA3534-CDA3-4E32-926B-86F0C332B6D5}"
EndProject
Project("{FAE04EC0-301F-11D3-BF4B-00C04F79EFBC}") = "LSLibStats", "External\lslib\LSLibStats\LSLibStats.csproj", "{69233C61-6491-48F8-9D43-680D4FD57947}"
EndProject
Project("{FAE04EC0-301F-11D3-BF4B-00C04F79EFBC}") = "CrossSpeak", "External\CrossSpeak\CrossSpeak\CrossSpeak.csproj", "{D037EFFC-DC1B-DE2F-BF32-7409AE4E9545}"
EndProject
Project("{FAE04EC0-301F-11D3-BF4B-00C04F79EFBC}") = "MarkdownViewer.Core", "External\Avalonia.MarkdownViewer\MarkdownViewer.Core\MarkdownViewer.Core.csproj", "{555BF95B-11BA-CFFB-D328-0262718F9A7A}"
EndProject
Project("{FAE04EC0-301F-11D3-BF4B-00C04F79EFBC}") = "Locale", "src\GUI\Locale\Locale.csproj", "{375CE729-3C9C-4A3B-86CC-6426CA7D761F}"
EndProject
Project("{2150E333-8FDC-42A3-9474-1A3956D46DE8}") = "Avalonia.Labs", "Avalonia.Labs", "{1E60D7A0-F33D-49F5-90CA-5046F338037C}"
EndProject
Project("{FAE04EC0-301F-11D3-BF4B-00C04F79EFBC}") = "Avalonia.Labs.Controls", "External\Avalonia.Labs\src\Avalonia.Labs.Controls\Avalonia.Labs.Controls.csproj", "{372D5607-FD00-C886-C4FC-A4ED5B7E5B3B}"
EndProject
Project("{FAE04EC0-301F-11D3-BF4B-00C04F79EFBC}") = "Avalonia.Labs.Gif", "External\Avalonia.Labs\src\Avalonia.Labs.Gif\Avalonia.Labs.Gif.csproj", "{DFC148CD-3831-EA10-A8F6-8CFAE5D27F41}"
EndProject
Global
	GlobalSection(SolutionConfigurationPlatforms) = preSolution
		Debug|Any CPU = Debug|Any CPU
		Debug|x64 = Debug|x64
		Publish|Any CPU = Publish|Any CPU
		Publish|x64 = Publish|x64
		PublishTest|Any CPU = PublishTest|Any CPU
		PublishTest|x64 = PublishTest|x64
		Release|Any CPU = Release|Any CPU
		Release|x64 = Release|x64
	EndGlobalSection
	GlobalSection(ProjectConfigurationPlatforms) = postSolution
		{E24CFB13-F468-4B1D-BC4D-245CD4BD1A23}.Debug|Any CPU.ActiveCfg = Debug|Any CPU
		{E24CFB13-F468-4B1D-BC4D-245CD4BD1A23}.Debug|Any CPU.Build.0 = Debug|Any CPU
		{E24CFB13-F468-4B1D-BC4D-245CD4BD1A23}.Debug|x64.ActiveCfg = Debug|x64
		{E24CFB13-F468-4B1D-BC4D-245CD4BD1A23}.Debug|x64.Build.0 = Debug|x64
		{E24CFB13-F468-4B1D-BC4D-245CD4BD1A23}.Publish|Any CPU.ActiveCfg = Publish|x64
		{E24CFB13-F468-4B1D-BC4D-245CD4BD1A23}.Publish|Any CPU.Build.0 = Publish|x64
		{E24CFB13-F468-4B1D-BC4D-245CD4BD1A23}.Publish|x64.ActiveCfg = Publish|x64
		{E24CFB13-F468-4B1D-BC4D-245CD4BD1A23}.Publish|x64.Build.0 = Publish|x64
		{E24CFB13-F468-4B1D-BC4D-245CD4BD1A23}.PublishTest|Any CPU.ActiveCfg = PublishTest|x64
		{E24CFB13-F468-4B1D-BC4D-245CD4BD1A23}.PublishTest|Any CPU.Build.0 = PublishTest|x64
		{E24CFB13-F468-4B1D-BC4D-245CD4BD1A23}.PublishTest|x64.ActiveCfg = PublishTest|x64
		{E24CFB13-F468-4B1D-BC4D-245CD4BD1A23}.PublishTest|x64.Build.0 = PublishTest|x64
		{E24CFB13-F468-4B1D-BC4D-245CD4BD1A23}.Release|Any CPU.ActiveCfg = Release|Any CPU
		{E24CFB13-F468-4B1D-BC4D-245CD4BD1A23}.Release|Any CPU.Build.0 = Release|Any CPU
		{E24CFB13-F468-4B1D-BC4D-245CD4BD1A23}.Release|x64.ActiveCfg = Release|x64
		{E24CFB13-F468-4B1D-BC4D-245CD4BD1A23}.Release|x64.Build.0 = Release|x64
		{14BD698D-2A4F-44BB-A41E-6E36D80A8459}.Debug|Any CPU.ActiveCfg = Debug|Any CPU
		{14BD698D-2A4F-44BB-A41E-6E36D80A8459}.Debug|Any CPU.Build.0 = Debug|Any CPU
		{14BD698D-2A4F-44BB-A41E-6E36D80A8459}.Debug|x64.ActiveCfg = Debug|x64
		{14BD698D-2A4F-44BB-A41E-6E36D80A8459}.Publish|Any CPU.ActiveCfg = Debug|Any CPU
		{14BD698D-2A4F-44BB-A41E-6E36D80A8459}.Publish|Any CPU.Build.0 = Debug|Any CPU
		{14BD698D-2A4F-44BB-A41E-6E36D80A8459}.Publish|x64.ActiveCfg = Publish|x64
		{14BD698D-2A4F-44BB-A41E-6E36D80A8459}.PublishTest|Any CPU.ActiveCfg = PublishTest|Any CPU
		{14BD698D-2A4F-44BB-A41E-6E36D80A8459}.PublishTest|Any CPU.Build.0 = PublishTest|Any CPU
		{14BD698D-2A4F-44BB-A41E-6E36D80A8459}.PublishTest|x64.ActiveCfg = PublishTest|x64
		{14BD698D-2A4F-44BB-A41E-6E36D80A8459}.PublishTest|x64.Build.0 = PublishTest|x64
		{14BD698D-2A4F-44BB-A41E-6E36D80A8459}.Release|Any CPU.ActiveCfg = Release|Any CPU
		{14BD698D-2A4F-44BB-A41E-6E36D80A8459}.Release|Any CPU.Build.0 = Release|Any CPU
		{14BD698D-2A4F-44BB-A41E-6E36D80A8459}.Release|x64.ActiveCfg = Release|x64
		{14BD698D-2A4F-44BB-A41E-6E36D80A8459}.Release|x64.Build.0 = Release|x64
		{2F2EF4FE-7254-425A-8DE9-47457CC057C6}.Debug|Any CPU.ActiveCfg = Debug|Any CPU
		{2F2EF4FE-7254-425A-8DE9-47457CC057C6}.Debug|Any CPU.Build.0 = Debug|Any CPU
		{2F2EF4FE-7254-425A-8DE9-47457CC057C6}.Debug|x64.ActiveCfg = Debug|x64
		{2F2EF4FE-7254-425A-8DE9-47457CC057C6}.Debug|x64.Build.0 = Debug|x64
		{2F2EF4FE-7254-425A-8DE9-47457CC057C6}.Publish|Any CPU.ActiveCfg = Publish|x64
		{2F2EF4FE-7254-425A-8DE9-47457CC057C6}.Publish|Any CPU.Build.0 = Publish|x64
		{2F2EF4FE-7254-425A-8DE9-47457CC057C6}.Publish|x64.ActiveCfg = Publish|x64
		{2F2EF4FE-7254-425A-8DE9-47457CC057C6}.Publish|x64.Build.0 = Publish|x64
		{2F2EF4FE-7254-425A-8DE9-47457CC057C6}.PublishTest|Any CPU.ActiveCfg = PublishTest|x64
		{2F2EF4FE-7254-425A-8DE9-47457CC057C6}.PublishTest|Any CPU.Build.0 = PublishTest|x64
		{2F2EF4FE-7254-425A-8DE9-47457CC057C6}.PublishTest|x64.ActiveCfg = PublishTest|x64
		{2F2EF4FE-7254-425A-8DE9-47457CC057C6}.PublishTest|x64.Build.0 = PublishTest|x64
		{2F2EF4FE-7254-425A-8DE9-47457CC057C6}.Release|Any CPU.ActiveCfg = Release|Any CPU
		{2F2EF4FE-7254-425A-8DE9-47457CC057C6}.Release|Any CPU.Build.0 = Release|Any CPU
		{2F2EF4FE-7254-425A-8DE9-47457CC057C6}.Release|x64.ActiveCfg = Release|x64
		{2F2EF4FE-7254-425A-8DE9-47457CC057C6}.Release|x64.Build.0 = Release|x64
		{1C53A73F-8A5F-4B55-8065-BA05728FA4D9}.Debug|Any CPU.ActiveCfg = Debug|Any CPU
		{1C53A73F-8A5F-4B55-8065-BA05728FA4D9}.Debug|Any CPU.Build.0 = Debug|Any CPU
		{1C53A73F-8A5F-4B55-8065-BA05728FA4D9}.Debug|x64.ActiveCfg = Debug|x64
		{1C53A73F-8A5F-4B55-8065-BA05728FA4D9}.Debug|x64.Build.0 = Debug|x64
		{1C53A73F-8A5F-4B55-8065-BA05728FA4D9}.Publish|Any CPU.ActiveCfg = Release|x64
		{1C53A73F-8A5F-4B55-8065-BA05728FA4D9}.Publish|Any CPU.Build.0 = Release|x64
		{1C53A73F-8A5F-4B55-8065-BA05728FA4D9}.Publish|x64.ActiveCfg = Debug|Any CPU
		{1C53A73F-8A5F-4B55-8065-BA05728FA4D9}.PublishTest|Any CPU.ActiveCfg = Release|x64
		{1C53A73F-8A5F-4B55-8065-BA05728FA4D9}.PublishTest|Any CPU.Build.0 = Release|x64
		{1C53A73F-8A5F-4B55-8065-BA05728FA4D9}.PublishTest|x64.ActiveCfg = Debug|Any CPU
		{1C53A73F-8A5F-4B55-8065-BA05728FA4D9}.Release|Any CPU.ActiveCfg = Release|Any CPU
		{1C53A73F-8A5F-4B55-8065-BA05728FA4D9}.Release|Any CPU.Build.0 = Release|Any CPU
		{1C53A73F-8A5F-4B55-8065-BA05728FA4D9}.Release|x64.ActiveCfg = Release|Any CPU
		{F6423DF6-678E-45A4-AB8C-B60B9EFF1CD7}.Debug|Any CPU.ActiveCfg = Debug|Any CPU
		{F6423DF6-678E-45A4-AB8C-B60B9EFF1CD7}.Debug|Any CPU.Build.0 = Debug|Any CPU
		{F6423DF6-678E-45A4-AB8C-B60B9EFF1CD7}.Debug|x64.ActiveCfg = Debug|x64
		{F6423DF6-678E-45A4-AB8C-B60B9EFF1CD7}.Debug|x64.Build.0 = Debug|x64
		{F6423DF6-678E-45A4-AB8C-B60B9EFF1CD7}.Publish|Any CPU.ActiveCfg = Debug|x64
		{F6423DF6-678E-45A4-AB8C-B60B9EFF1CD7}.Publish|x64.ActiveCfg = Debug|x64
		{F6423DF6-678E-45A4-AB8C-B60B9EFF1CD7}.Publish|x64.Build.0 = Debug|x64
		{F6423DF6-678E-45A4-AB8C-B60B9EFF1CD7}.PublishTest|Any CPU.ActiveCfg = Debug|x64
		{F6423DF6-678E-45A4-AB8C-B60B9EFF1CD7}.PublishTest|x64.ActiveCfg = Debug|x64
		{F6423DF6-678E-45A4-AB8C-B60B9EFF1CD7}.PublishTest|x64.Build.0 = Debug|x64
		{F6423DF6-678E-45A4-AB8C-B60B9EFF1CD7}.Release|Any CPU.ActiveCfg = Debug|Any CPU
		{F6423DF6-678E-45A4-AB8C-B60B9EFF1CD7}.Release|Any CPU.Build.0 = Debug|Any CPU
		{F6423DF6-678E-45A4-AB8C-B60B9EFF1CD7}.Release|x64.ActiveCfg = Debug|x64
		{F6423DF6-678E-45A4-AB8C-B60B9EFF1CD7}.Release|x64.Build.0 = Debug|x64
		{D7667883-8325-40A3-83AA-6023C0168EF6}.Debug|Any CPU.ActiveCfg = Debug|Any CPU
		{D7667883-8325-40A3-83AA-6023C0168EF6}.Debug|Any CPU.Build.0 = Debug|Any CPU
		{D7667883-8325-40A3-83AA-6023C0168EF6}.Debug|x64.ActiveCfg = Debug|x64
		{D7667883-8325-40A3-83AA-6023C0168EF6}.Debug|x64.Build.0 = Debug|x64
		{D7667883-8325-40A3-83AA-6023C0168EF6}.Publish|Any CPU.ActiveCfg = Release|x64
		{D7667883-8325-40A3-83AA-6023C0168EF6}.Publish|Any CPU.Build.0 = Release|x64
		{D7667883-8325-40A3-83AA-6023C0168EF6}.Publish|x64.ActiveCfg = Debug|x64
		{D7667883-8325-40A3-83AA-6023C0168EF6}.Publish|x64.Build.0 = Debug|x64
		{D7667883-8325-40A3-83AA-6023C0168EF6}.PublishTest|Any CPU.ActiveCfg = Release|x64
		{D7667883-8325-40A3-83AA-6023C0168EF6}.PublishTest|Any CPU.Build.0 = Release|x64
		{D7667883-8325-40A3-83AA-6023C0168EF6}.PublishTest|x64.ActiveCfg = Debug|x64
		{D7667883-8325-40A3-83AA-6023C0168EF6}.PublishTest|x64.Build.0 = Debug|x64
		{D7667883-8325-40A3-83AA-6023C0168EF6}.Release|Any CPU.ActiveCfg = Release|Any CPU
		{D7667883-8325-40A3-83AA-6023C0168EF6}.Release|Any CPU.Build.0 = Release|Any CPU
		{D7667883-8325-40A3-83AA-6023C0168EF6}.Release|x64.ActiveCfg = Release|x64
		{D7667883-8325-40A3-83AA-6023C0168EF6}.Release|x64.Build.0 = Release|x64
		{D8B26B12-E45C-47EA-88F7-56628EB2CCD1}.Debug|Any CPU.ActiveCfg = Debug|x64
		{D8B26B12-E45C-47EA-88F7-56628EB2CCD1}.Debug|Any CPU.Build.0 = Debug|x64
		{D8B26B12-E45C-47EA-88F7-56628EB2CCD1}.Debug|x64.ActiveCfg = Debug|x64
		{D8B26B12-E45C-47EA-88F7-56628EB2CCD1}.Debug|x64.Build.0 = Debug|x64
		{D8B26B12-E45C-47EA-88F7-56628EB2CCD1}.Publish|Any CPU.ActiveCfg = Release|x64
		{D8B26B12-E45C-47EA-88F7-56628EB2CCD1}.Publish|Any CPU.Build.0 = Release|x64
		{D8B26B12-E45C-47EA-88F7-56628EB2CCD1}.Publish|x64.ActiveCfg = Debug|x64
		{D8B26B12-E45C-47EA-88F7-56628EB2CCD1}.Publish|x64.Build.0 = Debug|x64
		{D8B26B12-E45C-47EA-88F7-56628EB2CCD1}.PublishTest|Any CPU.ActiveCfg = Release|x64
		{D8B26B12-E45C-47EA-88F7-56628EB2CCD1}.PublishTest|Any CPU.Build.0 = Release|x64
		{D8B26B12-E45C-47EA-88F7-56628EB2CCD1}.PublishTest|x64.ActiveCfg = Debug|x64
		{D8B26B12-E45C-47EA-88F7-56628EB2CCD1}.PublishTest|x64.Build.0 = Debug|x64
		{D8B26B12-E45C-47EA-88F7-56628EB2CCD1}.Release|Any CPU.ActiveCfg = Release|x64
		{D8B26B12-E45C-47EA-88F7-56628EB2CCD1}.Release|Any CPU.Build.0 = Release|x64
		{D8B26B12-E45C-47EA-88F7-56628EB2CCD1}.Release|x64.ActiveCfg = Release|x64
		{D8B26B12-E45C-47EA-88F7-56628EB2CCD1}.Release|x64.Build.0 = Release|x64
		{E48B34B8-B601-41D6-8915-AF985A10CC1C}.Debug|Any CPU.ActiveCfg = Debug|Any CPU
		{E48B34B8-B601-41D6-8915-AF985A10CC1C}.Debug|Any CPU.Build.0 = Debug|Any CPU
		{E48B34B8-B601-41D6-8915-AF985A10CC1C}.Debug|x64.ActiveCfg = Debug|x64
		{E48B34B8-B601-41D6-8915-AF985A10CC1C}.Debug|x64.Build.0 = Debug|x64
		{E48B34B8-B601-41D6-8915-AF985A10CC1C}.Publish|Any CPU.ActiveCfg = Publish|x64
		{E48B34B8-B601-41D6-8915-AF985A10CC1C}.Publish|Any CPU.Build.0 = Publish|x64
		{E48B34B8-B601-41D6-8915-AF985A10CC1C}.Publish|x64.ActiveCfg = Publish|x64
		{E48B34B8-B601-41D6-8915-AF985A10CC1C}.Publish|x64.Build.0 = Publish|x64
		{E48B34B8-B601-41D6-8915-AF985A10CC1C}.PublishTest|Any CPU.ActiveCfg = PublishTest|x64
		{E48B34B8-B601-41D6-8915-AF985A10CC1C}.PublishTest|Any CPU.Build.0 = PublishTest|x64
		{E48B34B8-B601-41D6-8915-AF985A10CC1C}.PublishTest|x64.ActiveCfg = PublishTest|x64
		{E48B34B8-B601-41D6-8915-AF985A10CC1C}.PublishTest|x64.Build.0 = PublishTest|x64
		{E48B34B8-B601-41D6-8915-AF985A10CC1C}.Release|Any CPU.ActiveCfg = Release|Any CPU
		{E48B34B8-B601-41D6-8915-AF985A10CC1C}.Release|Any CPU.Build.0 = Release|Any CPU
		{E48B34B8-B601-41D6-8915-AF985A10CC1C}.Release|x64.ActiveCfg = Release|x64
		{E48B34B8-B601-41D6-8915-AF985A10CC1C}.Release|x64.Build.0 = Release|x64
		{E8788980-054D-4BCC-9DFC-45E9112D8C51}.Debug|Any CPU.ActiveCfg = Debug|Any CPU
		{E8788980-054D-4BCC-9DFC-45E9112D8C51}.Debug|Any CPU.Build.0 = Debug|Any CPU
		{E8788980-054D-4BCC-9DFC-45E9112D8C51}.Debug|x64.ActiveCfg = Debug|x64
		{E8788980-054D-4BCC-9DFC-45E9112D8C51}.Debug|x64.Build.0 = Debug|x64
		{E8788980-054D-4BCC-9DFC-45E9112D8C51}.Publish|Any CPU.ActiveCfg = Release|x64
		{E8788980-054D-4BCC-9DFC-45E9112D8C51}.Publish|Any CPU.Build.0 = Release|x64
		{E8788980-054D-4BCC-9DFC-45E9112D8C51}.Publish|x64.ActiveCfg = Publish|x64
		{E8788980-054D-4BCC-9DFC-45E9112D8C51}.Publish|x64.Build.0 = Publish|x64
		{E8788980-054D-4BCC-9DFC-45E9112D8C51}.PublishTest|Any CPU.ActiveCfg = PublishTest|x64
		{E8788980-054D-4BCC-9DFC-45E9112D8C51}.PublishTest|Any CPU.Build.0 = PublishTest|x64
		{E8788980-054D-4BCC-9DFC-45E9112D8C51}.PublishTest|x64.ActiveCfg = PublishTest|x64
		{E8788980-054D-4BCC-9DFC-45E9112D8C51}.PublishTest|x64.Build.0 = PublishTest|x64
		{E8788980-054D-4BCC-9DFC-45E9112D8C51}.Release|Any CPU.ActiveCfg = Release|Any CPU
		{E8788980-054D-4BCC-9DFC-45E9112D8C51}.Release|Any CPU.Build.0 = Release|Any CPU
		{E8788980-054D-4BCC-9DFC-45E9112D8C51}.Release|x64.ActiveCfg = Release|x64
		{E8788980-054D-4BCC-9DFC-45E9112D8C51}.Release|x64.Build.0 = Release|x64
		{DC87C7F9-463F-4537-B1E6-B7EC54A56216}.Debug|Any CPU.ActiveCfg = Debug|Any CPU
		{DC87C7F9-463F-4537-B1E6-B7EC54A56216}.Debug|Any CPU.Build.0 = Debug|Any CPU
		{DC87C7F9-463F-4537-B1E6-B7EC54A56216}.Debug|x64.ActiveCfg = Debug|x64
		{DC87C7F9-463F-4537-B1E6-B7EC54A56216}.Debug|x64.Build.0 = Debug|x64
		{DC87C7F9-463F-4537-B1E6-B7EC54A56216}.Publish|Any CPU.ActiveCfg = Publish|x64
		{DC87C7F9-463F-4537-B1E6-B7EC54A56216}.Publish|Any CPU.Build.0 = Publish|x64
		{DC87C7F9-463F-4537-B1E6-B7EC54A56216}.Publish|x64.ActiveCfg = Publish|x64
		{DC87C7F9-463F-4537-B1E6-B7EC54A56216}.Publish|x64.Build.0 = Publish|x64
		{DC87C7F9-463F-4537-B1E6-B7EC54A56216}.PublishTest|Any CPU.ActiveCfg = PublishTest|x64
		{DC87C7F9-463F-4537-B1E6-B7EC54A56216}.PublishTest|Any CPU.Build.0 = PublishTest|x64
		{DC87C7F9-463F-4537-B1E6-B7EC54A56216}.PublishTest|x64.ActiveCfg = PublishTest|x64
		{DC87C7F9-463F-4537-B1E6-B7EC54A56216}.PublishTest|x64.Build.0 = PublishTest|x64
		{DC87C7F9-463F-4537-B1E6-B7EC54A56216}.Release|Any CPU.ActiveCfg = Release|Any CPU
		{DC87C7F9-463F-4537-B1E6-B7EC54A56216}.Release|Any CPU.Build.0 = Release|Any CPU
		{DC87C7F9-463F-4537-B1E6-B7EC54A56216}.Release|x64.ActiveCfg = Release|x64
		{DC87C7F9-463F-4537-B1E6-B7EC54A56216}.Release|x64.Build.0 = Release|x64
		{6C505D9F-8AED-47DF-8552-FF7D0BCB6340}.Debug|Any CPU.ActiveCfg = Debug|Any CPU
		{6C505D9F-8AED-47DF-8552-FF7D0BCB6340}.Debug|Any CPU.Build.0 = Debug|Any CPU
		{6C505D9F-8AED-47DF-8552-FF7D0BCB6340}.Debug|x64.ActiveCfg = Debug|x64
		{6C505D9F-8AED-47DF-8552-FF7D0BCB6340}.Debug|x64.Build.0 = Debug|x64
		{6C505D9F-8AED-47DF-8552-FF7D0BCB6340}.Publish|Any CPU.ActiveCfg = Release|x64
		{6C505D9F-8AED-47DF-8552-FF7D0BCB6340}.Publish|Any CPU.Build.0 = Release|x64
		{6C505D9F-8AED-47DF-8552-FF7D0BCB6340}.Publish|x64.ActiveCfg = Publish|x64
		{6C505D9F-8AED-47DF-8552-FF7D0BCB6340}.Publish|x64.Build.0 = Publish|x64
		{6C505D9F-8AED-47DF-8552-FF7D0BCB6340}.PublishTest|Any CPU.ActiveCfg = Release|x64
		{6C505D9F-8AED-47DF-8552-FF7D0BCB6340}.PublishTest|Any CPU.Build.0 = Release|x64
		{6C505D9F-8AED-47DF-8552-FF7D0BCB6340}.PublishTest|x64.ActiveCfg = PublishTest|x64
		{6C505D9F-8AED-47DF-8552-FF7D0BCB6340}.PublishTest|x64.Build.0 = PublishTest|x64
		{6C505D9F-8AED-47DF-8552-FF7D0BCB6340}.Release|Any CPU.ActiveCfg = Release|Any CPU
		{6C505D9F-8AED-47DF-8552-FF7D0BCB6340}.Release|Any CPU.Build.0 = Release|Any CPU
		{6C505D9F-8AED-47DF-8552-FF7D0BCB6340}.Release|x64.ActiveCfg = Release|x64
		{6C505D9F-8AED-47DF-8552-FF7D0BCB6340}.Release|x64.Build.0 = Release|x64
		{3017DDB5-B6C8-43D9-B629-DF6283082AC5}.Debug|Any CPU.ActiveCfg = Debug|Any CPU
		{3017DDB5-B6C8-43D9-B629-DF6283082AC5}.Debug|Any CPU.Build.0 = Debug|Any CPU
		{3017DDB5-B6C8-43D9-B629-DF6283082AC5}.Debug|x64.ActiveCfg = Debug|Any CPU
		{3017DDB5-B6C8-43D9-B629-DF6283082AC5}.Debug|x64.Build.0 = Debug|Any CPU
		{3017DDB5-B6C8-43D9-B629-DF6283082AC5}.Publish|Any CPU.ActiveCfg = Release|Any CPU
		{3017DDB5-B6C8-43D9-B629-DF6283082AC5}.Publish|Any CPU.Build.0 = Release|Any CPU
		{3017DDB5-B6C8-43D9-B629-DF6283082AC5}.Publish|x64.ActiveCfg = Debug|Any CPU
		{3017DDB5-B6C8-43D9-B629-DF6283082AC5}.Publish|x64.Build.0 = Debug|Any CPU
		{3017DDB5-B6C8-43D9-B629-DF6283082AC5}.PublishTest|Any CPU.ActiveCfg = Release|Any CPU
		{3017DDB5-B6C8-43D9-B629-DF6283082AC5}.PublishTest|Any CPU.Build.0 = Release|Any CPU
		{3017DDB5-B6C8-43D9-B629-DF6283082AC5}.PublishTest|x64.ActiveCfg = Debug|Any CPU
		{3017DDB5-B6C8-43D9-B629-DF6283082AC5}.PublishTest|x64.Build.0 = Debug|Any CPU
		{3017DDB5-B6C8-43D9-B629-DF6283082AC5}.Release|Any CPU.ActiveCfg = Release|Any CPU
		{3017DDB5-B6C8-43D9-B629-DF6283082AC5}.Release|Any CPU.Build.0 = Release|Any CPU
		{3017DDB5-B6C8-43D9-B629-DF6283082AC5}.Release|x64.ActiveCfg = Release|Any CPU
		{3017DDB5-B6C8-43D9-B629-DF6283082AC5}.Release|x64.Build.0 = Release|Any CPU
		{4E6F2A76-AB4E-43C5-B736-D551D2D1AE5E}.Debug|Any CPU.ActiveCfg = Debug|Any CPU
		{4E6F2A76-AB4E-43C5-B736-D551D2D1AE5E}.Debug|Any CPU.Build.0 = Debug|Any CPU
		{4E6F2A76-AB4E-43C5-B736-D551D2D1AE5E}.Debug|x64.ActiveCfg = Debug|Any CPU
		{4E6F2A76-AB4E-43C5-B736-D551D2D1AE5E}.Debug|x64.Build.0 = Debug|Any CPU
		{4E6F2A76-AB4E-43C5-B736-D551D2D1AE5E}.Publish|Any CPU.ActiveCfg = Release|Any CPU
		{4E6F2A76-AB4E-43C5-B736-D551D2D1AE5E}.Publish|Any CPU.Build.0 = Release|Any CPU
		{4E6F2A76-AB4E-43C5-B736-D551D2D1AE5E}.Publish|x64.ActiveCfg = Debug|Any CPU
		{4E6F2A76-AB4E-43C5-B736-D551D2D1AE5E}.Publish|x64.Build.0 = Debug|Any CPU
		{4E6F2A76-AB4E-43C5-B736-D551D2D1AE5E}.PublishTest|Any CPU.ActiveCfg = Release|Any CPU
		{4E6F2A76-AB4E-43C5-B736-D551D2D1AE5E}.PublishTest|Any CPU.Build.0 = Release|Any CPU
		{4E6F2A76-AB4E-43C5-B736-D551D2D1AE5E}.PublishTest|x64.ActiveCfg = Debug|Any CPU
		{4E6F2A76-AB4E-43C5-B736-D551D2D1AE5E}.PublishTest|x64.Build.0 = Debug|Any CPU
		{4E6F2A76-AB4E-43C5-B736-D551D2D1AE5E}.Release|Any CPU.ActiveCfg = Release|Any CPU
		{4E6F2A76-AB4E-43C5-B736-D551D2D1AE5E}.Release|Any CPU.Build.0 = Release|Any CPU
		{4E6F2A76-AB4E-43C5-B736-D551D2D1AE5E}.Release|x64.ActiveCfg = Release|Any CPU
		{4E6F2A76-AB4E-43C5-B736-D551D2D1AE5E}.Release|x64.Build.0 = Release|Any CPU
		{8F3B0375-CE04-4441-BEDC-005A3467DB48}.Debug|Any CPU.ActiveCfg = Debug|Any CPU
		{8F3B0375-CE04-4441-BEDC-005A3467DB48}.Debug|Any CPU.Build.0 = Debug|Any CPU
		{8F3B0375-CE04-4441-BEDC-005A3467DB48}.Debug|x64.ActiveCfg = Debug|Any CPU
		{8F3B0375-CE04-4441-BEDC-005A3467DB48}.Debug|x64.Build.0 = Debug|Any CPU
		{8F3B0375-CE04-4441-BEDC-005A3467DB48}.Publish|Any CPU.ActiveCfg = Release|Any CPU
		{8F3B0375-CE04-4441-BEDC-005A3467DB48}.Publish|Any CPU.Build.0 = Release|Any CPU
		{8F3B0375-CE04-4441-BEDC-005A3467DB48}.Publish|x64.ActiveCfg = Debug|Any CPU
		{8F3B0375-CE04-4441-BEDC-005A3467DB48}.Publish|x64.Build.0 = Debug|Any CPU
		{8F3B0375-CE04-4441-BEDC-005A3467DB48}.PublishTest|Any CPU.ActiveCfg = Release|Any CPU
		{8F3B0375-CE04-4441-BEDC-005A3467DB48}.PublishTest|Any CPU.Build.0 = Release|Any CPU
		{8F3B0375-CE04-4441-BEDC-005A3467DB48}.PublishTest|x64.ActiveCfg = Debug|Any CPU
		{8F3B0375-CE04-4441-BEDC-005A3467DB48}.PublishTest|x64.Build.0 = Debug|Any CPU
		{8F3B0375-CE04-4441-BEDC-005A3467DB48}.Release|Any CPU.ActiveCfg = Release|Any CPU
		{8F3B0375-CE04-4441-BEDC-005A3467DB48}.Release|Any CPU.Build.0 = Release|Any CPU
		{8F3B0375-CE04-4441-BEDC-005A3467DB48}.Release|x64.ActiveCfg = Release|Any CPU
		{8F3B0375-CE04-4441-BEDC-005A3467DB48}.Release|x64.Build.0 = Release|Any CPU
		{69233C61-6491-48F8-9D43-680D4FD57947}.Debug|Any CPU.ActiveCfg = Debug|Any CPU
		{69233C61-6491-48F8-9D43-680D4FD57947}.Debug|Any CPU.Build.0 = Debug|Any CPU
		{69233C61-6491-48F8-9D43-680D4FD57947}.Debug|x64.ActiveCfg = Debug|Any CPU
		{69233C61-6491-48F8-9D43-680D4FD57947}.Debug|x64.Build.0 = Debug|Any CPU
		{69233C61-6491-48F8-9D43-680D4FD57947}.Publish|Any CPU.ActiveCfg = Release|x64
		{69233C61-6491-48F8-9D43-680D4FD57947}.Publish|Any CPU.Build.0 = Release|x64
		{69233C61-6491-48F8-9D43-680D4FD57947}.Publish|x64.ActiveCfg = Debug|Any CPU
		{69233C61-6491-48F8-9D43-680D4FD57947}.Publish|x64.Build.0 = Debug|Any CPU
		{69233C61-6491-48F8-9D43-680D4FD57947}.PublishTest|Any CPU.ActiveCfg = Release|Any CPU
		{69233C61-6491-48F8-9D43-680D4FD57947}.PublishTest|Any CPU.Build.0 = Release|Any CPU
		{69233C61-6491-48F8-9D43-680D4FD57947}.PublishTest|x64.ActiveCfg = Debug|Any CPU
		{69233C61-6491-48F8-9D43-680D4FD57947}.PublishTest|x64.Build.0 = Debug|Any CPU
		{69233C61-6491-48F8-9D43-680D4FD57947}.Release|Any CPU.ActiveCfg = Release|Any CPU
		{69233C61-6491-48F8-9D43-680D4FD57947}.Release|Any CPU.Build.0 = Release|Any CPU
		{69233C61-6491-48F8-9D43-680D4FD57947}.Release|x64.ActiveCfg = Release|Any CPU
		{69233C61-6491-48F8-9D43-680D4FD57947}.Release|x64.Build.0 = Release|Any CPU
		{D037EFFC-DC1B-DE2F-BF32-7409AE4E9545}.Debug|Any CPU.ActiveCfg = Debug|Any CPU
		{D037EFFC-DC1B-DE2F-BF32-7409AE4E9545}.Debug|Any CPU.Build.0 = Debug|Any CPU
		{D037EFFC-DC1B-DE2F-BF32-7409AE4E9545}.Debug|x64.ActiveCfg = Debug|Any CPU
		{D037EFFC-DC1B-DE2F-BF32-7409AE4E9545}.Debug|x64.Build.0 = Debug|Any CPU
		{D037EFFC-DC1B-DE2F-BF32-7409AE4E9545}.Publish|Any CPU.ActiveCfg = Release|Any CPU
		{D037EFFC-DC1B-DE2F-BF32-7409AE4E9545}.Publish|Any CPU.Build.0 = Release|Any CPU
		{D037EFFC-DC1B-DE2F-BF32-7409AE4E9545}.Publish|x64.ActiveCfg = Release|Any CPU
		{D037EFFC-DC1B-DE2F-BF32-7409AE4E9545}.Publish|x64.Build.0 = Release|Any CPU
		{D037EFFC-DC1B-DE2F-BF32-7409AE4E9545}.PublishTest|Any CPU.ActiveCfg = Release|Any CPU
		{D037EFFC-DC1B-DE2F-BF32-7409AE4E9545}.PublishTest|Any CPU.Build.0 = Release|Any CPU
		{D037EFFC-DC1B-DE2F-BF32-7409AE4E9545}.PublishTest|x64.ActiveCfg = Release|Any CPU
		{D037EFFC-DC1B-DE2F-BF32-7409AE4E9545}.PublishTest|x64.Build.0 = Release|Any CPU
		{D037EFFC-DC1B-DE2F-BF32-7409AE4E9545}.Release|Any CPU.ActiveCfg = Release|Any CPU
		{D037EFFC-DC1B-DE2F-BF32-7409AE4E9545}.Release|Any CPU.Build.0 = Release|Any CPU
		{D037EFFC-DC1B-DE2F-BF32-7409AE4E9545}.Release|x64.ActiveCfg = Release|Any CPU
		{D037EFFC-DC1B-DE2F-BF32-7409AE4E9545}.Release|x64.Build.0 = Release|Any CPU
		{555BF95B-11BA-CFFB-D328-0262718F9A7A}.Debug|Any CPU.ActiveCfg = Debug|Any CPU
		{555BF95B-11BA-CFFB-D328-0262718F9A7A}.Debug|Any CPU.Build.0 = Debug|Any CPU
		{555BF95B-11BA-CFFB-D328-0262718F9A7A}.Debug|x64.ActiveCfg = Debug|Any CPU
		{555BF95B-11BA-CFFB-D328-0262718F9A7A}.Debug|x64.Build.0 = Debug|Any CPU
		{555BF95B-11BA-CFFB-D328-0262718F9A7A}.Publish|Any CPU.ActiveCfg = Release|Any CPU
		{555BF95B-11BA-CFFB-D328-0262718F9A7A}.Publish|Any CPU.Build.0 = Release|Any CPU
		{555BF95B-11BA-CFFB-D328-0262718F9A7A}.Publish|x64.ActiveCfg = Release|Any CPU
		{555BF95B-11BA-CFFB-D328-0262718F9A7A}.Publish|x64.Build.0 = Release|Any CPU
		{555BF95B-11BA-CFFB-D328-0262718F9A7A}.PublishTest|Any CPU.ActiveCfg = Release|Any CPU
		{555BF95B-11BA-CFFB-D328-0262718F9A7A}.PublishTest|Any CPU.Build.0 = Release|Any CPU
		{555BF95B-11BA-CFFB-D328-0262718F9A7A}.PublishTest|x64.ActiveCfg = Release|Any CPU
		{555BF95B-11BA-CFFB-D328-0262718F9A7A}.PublishTest|x64.Build.0 = Release|Any CPU
		{555BF95B-11BA-CFFB-D328-0262718F9A7A}.Release|Any CPU.ActiveCfg = Release|Any CPU
		{555BF95B-11BA-CFFB-D328-0262718F9A7A}.Release|Any CPU.Build.0 = Release|Any CPU
		{555BF95B-11BA-CFFB-D328-0262718F9A7A}.Release|x64.ActiveCfg = Release|Any CPU
		{555BF95B-11BA-CFFB-D328-0262718F9A7A}.Release|x64.Build.0 = Release|Any CPU
		{375CE729-3C9C-4A3B-86CC-6426CA7D761F}.Debug|Any CPU.ActiveCfg = Debug|Any CPU
		{375CE729-3C9C-4A3B-86CC-6426CA7D761F}.Debug|Any CPU.Build.0 = Debug|Any CPU
		{375CE729-3C9C-4A3B-86CC-6426CA7D761F}.Debug|x64.ActiveCfg = Debug|x64
		{375CE729-3C9C-4A3B-86CC-6426CA7D761F}.Debug|x64.Build.0 = Debug|x64
		{375CE729-3C9C-4A3B-86CC-6426CA7D761F}.Publish|Any CPU.ActiveCfg = Publish|x64
		{375CE729-3C9C-4A3B-86CC-6426CA7D761F}.Publish|Any CPU.Build.0 = Publish|x64
		{375CE729-3C9C-4A3B-86CC-6426CA7D761F}.Publish|x64.ActiveCfg = Publish|x64
		{375CE729-3C9C-4A3B-86CC-6426CA7D761F}.Publish|x64.Build.0 = Publish|x64
		{375CE729-3C9C-4A3B-86CC-6426CA7D761F}.PublishTest|Any CPU.ActiveCfg = PublishTest|Any CPU
		{375CE729-3C9C-4A3B-86CC-6426CA7D761F}.PublishTest|Any CPU.Build.0 = PublishTest|Any CPU
		{375CE729-3C9C-4A3B-86CC-6426CA7D761F}.PublishTest|x64.ActiveCfg = PublishTest|x64
		{375CE729-3C9C-4A3B-86CC-6426CA7D761F}.PublishTest|x64.Build.0 = PublishTest|x64
		{375CE729-3C9C-4A3B-86CC-6426CA7D761F}.Release|Any CPU.ActiveCfg = Release|Any CPU
		{375CE729-3C9C-4A3B-86CC-6426CA7D761F}.Release|Any CPU.Build.0 = Release|Any CPU
		{375CE729-3C9C-4A3B-86CC-6426CA7D761F}.Release|x64.ActiveCfg = Release|x64
		{375CE729-3C9C-4A3B-86CC-6426CA7D761F}.Release|x64.Build.0 = Release|x64
		{372D5607-FD00-C886-C4FC-A4ED5B7E5B3B}.Debug|Any CPU.ActiveCfg = Debug|Any CPU
		{372D5607-FD00-C886-C4FC-A4ED5B7E5B3B}.Debug|Any CPU.Build.0 = Debug|Any CPU
		{372D5607-FD00-C886-C4FC-A4ED5B7E5B3B}.Debug|x64.ActiveCfg = Debug|Any CPU
		{372D5607-FD00-C886-C4FC-A4ED5B7E5B3B}.Debug|x64.Build.0 = Debug|Any CPU
		{372D5607-FD00-C886-C4FC-A4ED5B7E5B3B}.Publish|Any CPU.ActiveCfg = Release|Any CPU
		{372D5607-FD00-C886-C4FC-A4ED5B7E5B3B}.Publish|Any CPU.Build.0 = Release|Any CPU
		{372D5607-FD00-C886-C4FC-A4ED5B7E5B3B}.Publish|x64.ActiveCfg = Release|Any CPU
		{372D5607-FD00-C886-C4FC-A4ED5B7E5B3B}.Publish|x64.Build.0 = Release|Any CPU
		{372D5607-FD00-C886-C4FC-A4ED5B7E5B3B}.PublishTest|Any CPU.ActiveCfg = Release|Any CPU
		{372D5607-FD00-C886-C4FC-A4ED5B7E5B3B}.PublishTest|Any CPU.Build.0 = Release|Any CPU
		{372D5607-FD00-C886-C4FC-A4ED5B7E5B3B}.PublishTest|x64.ActiveCfg = Release|Any CPU
		{372D5607-FD00-C886-C4FC-A4ED5B7E5B3B}.PublishTest|x64.Build.0 = Release|Any CPU
		{372D5607-FD00-C886-C4FC-A4ED5B7E5B3B}.Release|Any CPU.ActiveCfg = Release|Any CPU
		{372D5607-FD00-C886-C4FC-A4ED5B7E5B3B}.Release|Any CPU.Build.0 = Release|Any CPU
		{372D5607-FD00-C886-C4FC-A4ED5B7E5B3B}.Release|x64.ActiveCfg = Release|Any CPU
		{372D5607-FD00-C886-C4FC-A4ED5B7E5B3B}.Release|x64.Build.0 = Release|Any CPU
		{DFC148CD-3831-EA10-A8F6-8CFAE5D27F41}.Debug|Any CPU.ActiveCfg = Debug|Any CPU
		{DFC148CD-3831-EA10-A8F6-8CFAE5D27F41}.Debug|Any CPU.Build.0 = Debug|Any CPU
		{DFC148CD-3831-EA10-A8F6-8CFAE5D27F41}.Debug|x64.ActiveCfg = Debug|Any CPU
		{DFC148CD-3831-EA10-A8F6-8CFAE5D27F41}.Debug|x64.Build.0 = Debug|Any CPU
		{DFC148CD-3831-EA10-A8F6-8CFAE5D27F41}.Publish|Any CPU.ActiveCfg = Release|Any CPU
		{DFC148CD-3831-EA10-A8F6-8CFAE5D27F41}.Publish|Any CPU.Build.0 = Release|Any CPU
		{DFC148CD-3831-EA10-A8F6-8CFAE5D27F41}.Publish|x64.ActiveCfg = Release|Any CPU
		{DFC148CD-3831-EA10-A8F6-8CFAE5D27F41}.Publish|x64.Build.0 = Release|Any CPU
		{DFC148CD-3831-EA10-A8F6-8CFAE5D27F41}.PublishTest|Any CPU.ActiveCfg = Release|Any CPU
		{DFC148CD-3831-EA10-A8F6-8CFAE5D27F41}.PublishTest|Any CPU.Build.0 = Release|Any CPU
		{DFC148CD-3831-EA10-A8F6-8CFAE5D27F41}.PublishTest|x64.ActiveCfg = Release|Any CPU
		{DFC148CD-3831-EA10-A8F6-8CFAE5D27F41}.PublishTest|x64.Build.0 = Release|Any CPU
		{DFC148CD-3831-EA10-A8F6-8CFAE5D27F41}.Release|Any CPU.ActiveCfg = Release|Any CPU
		{DFC148CD-3831-EA10-A8F6-8CFAE5D27F41}.Release|Any CPU.Build.0 = Release|Any CPU
		{DFC148CD-3831-EA10-A8F6-8CFAE5D27F41}.Release|x64.ActiveCfg = Release|Any CPU
		{DFC148CD-3831-EA10-A8F6-8CFAE5D27F41}.Release|x64.Build.0 = Release|Any CPU
	EndGlobalSection
	GlobalSection(SolutionProperties) = preSolution
		HideSolutionNode = FALSE
	EndGlobalSection
	GlobalSection(NestedProjects) = preSolution
		{E24CFB13-F468-4B1D-BC4D-245CD4BD1A23} = {84149593-A52D-4981-94AD-B3150F153735}
		{14BD698D-2A4F-44BB-A41E-6E36D80A8459} = {55CF70E6-703F-42DB-BEC3-CBD2491A4AA3}
		{2F2EF4FE-7254-425A-8DE9-47457CC057C6} = {9EA7F551-AFBF-4BB0-A060-7204B4944537}
		{1C53A73F-8A5F-4B55-8065-BA05728FA4D9} = {97DFC101-8AFC-4AED-ADDC-39E5FEC4D415}
		{F6423DF6-678E-45A4-AB8C-B60B9EFF1CD7} = {9EA7F551-AFBF-4BB0-A060-7204B4944537}
		{D7667883-8325-40A3-83AA-6023C0168EF6} = {AECA3534-CDA3-4E32-926B-86F0C332B6D5}
		{D8B26B12-E45C-47EA-88F7-56628EB2CCD1} = {AECA3534-CDA3-4E32-926B-86F0C332B6D5}
		{E48B34B8-B601-41D6-8915-AF985A10CC1C} = {84149593-A52D-4981-94AD-B3150F153735}
		{55CF70E6-703F-42DB-BEC3-CBD2491A4AA3} = {84149593-A52D-4981-94AD-B3150F153735}
		{E8788980-054D-4BCC-9DFC-45E9112D8C51} = {55CF70E6-703F-42DB-BEC3-CBD2491A4AA3}
		{DC87C7F9-463F-4537-B1E6-B7EC54A56216} = {55CF70E6-703F-42DB-BEC3-CBD2491A4AA3}
		{6C505D9F-8AED-47DF-8552-FF7D0BCB6340} = {84149593-A52D-4981-94AD-B3150F153735}
		{3017DDB5-B6C8-43D9-B629-DF6283082AC5} = {97DFC101-8AFC-4AED-ADDC-39E5FEC4D415}
		{4E6F2A76-AB4E-43C5-B736-D551D2D1AE5E} = {97DFC101-8AFC-4AED-ADDC-39E5FEC4D415}
		{8F3B0375-CE04-4441-BEDC-005A3467DB48} = {97DFC101-8AFC-4AED-ADDC-39E5FEC4D415}
		{AECA3534-CDA3-4E32-926B-86F0C332B6D5} = {97DFC101-8AFC-4AED-ADDC-39E5FEC4D415}
		{69233C61-6491-48F8-9D43-680D4FD57947} = {AECA3534-CDA3-4E32-926B-86F0C332B6D5}
		{D037EFFC-DC1B-DE2F-BF32-7409AE4E9545} = {97DFC101-8AFC-4AED-ADDC-39E5FEC4D415}
		{555BF95B-11BA-CFFB-D328-0262718F9A7A} = {97DFC101-8AFC-4AED-ADDC-39E5FEC4D415}
		{375CE729-3C9C-4A3B-86CC-6426CA7D761F} = {55CF70E6-703F-42DB-BEC3-CBD2491A4AA3}
		{1E60D7A0-F33D-49F5-90CA-5046F338037C} = {97DFC101-8AFC-4AED-ADDC-39E5FEC4D415}
		{372D5607-FD00-C886-C4FC-A4ED5B7E5B3B} = {1E60D7A0-F33D-49F5-90CA-5046F338037C}
		{DFC148CD-3831-EA10-A8F6-8CFAE5D27F41} = {1E60D7A0-F33D-49F5-90CA-5046F338037C}
	EndGlobalSection
	GlobalSection(ExtensibilityGlobals) = postSolution
		SolutionGuid = {D06B5DA3-3018-43F3-B9F0-2D9D89DB489E}
	EndGlobalSection
EndGlobal
